
Microsoft Visual Studio Solution File, Format Version 12.00
# Visual Studio 15
VisualStudioVersion = 15.0.26730.16
MinimumVisualStudioVersion = 10.0.40219.1
Project("{8BC9CEB8-8B4A-11D0-8D11-00A0C91BC942}") = "R2env", "R2env\R2env.vcxproj", "{02EC0B77-B243-430A-BCF6-1510BEBFF7C3}"
EndProject
Global
	GlobalSection(SolutionConfigurationPlatforms) = preSolution
		Debug|ARM = Debug|ARM
		Debug|x64 = Debug|x64
		Debug|x86 = Debug|x86
		Release|ARM = Release|ARM
		Release|x64 = Release|x64
		Release|x86 = Release|x86
	EndGlobalSection
	GlobalSection(ProjectConfigurationPlatforms) = postSolution
		{02EC0B77-B243-430A-BCF6-1510BEBFF7C3}.Debug|ARM.ActiveCfg = Debug|ARM
		{02EC0B77-B243-430A-BCF6-1510BEBFF7C3}.Debug|ARM.Build.0 = Debug|ARM
		{02EC0B77-B243-430A-BCF6-1510BEBFF7C3}.Debug|x64.ActiveCfg = Debug|x64
		{02EC0B77-B243-430A-BCF6-1510BEBFF7C3}.Debug|x64.Build.0 = Debug|x64
		{02EC0B77-B243-430A-BCF6-1510BEBFF7C3}.Debug|x86.ActiveCfg = Debug|x86
		{02EC0B77-B243-430A-BCF6-1510BEBFF7C3}.Debug|x86.Build.0 = Debug|x86
		{02EC0B77-B243-430A-BCF6-1510BEBFF7C3}.Release|ARM.ActiveCfg = Release|ARM
		{02EC0B77-B243-430A-BCF6-1510BEBFF7C3}.Release|ARM.Build.0 = Release|ARM
		{02EC0B77-B243-430A-BCF6-1510BEBFF7C3}.Release|x64.ActiveCfg = Release|x64
		{02EC0B77-B243-430A-BCF6-1510BEBFF7C3}.Release|x64.Build.0 = Release|x64
		{02EC0B77-B243-430A-BCF6-1510BEBFF7C3}.Release|x86.ActiveCfg = Release|x86
		{02EC0B77-B243-430A-BCF6-1510BEBFF7C3}.Release|x86.Build.0 = Release|x86
	EndGlobalSection
	GlobalSection(SolutionProperties) = preSolution
		HideSolutionNode = FALSE
	EndGlobalSection
	GlobalSection(ExtensibilityGlobals) = postSolution
		SolutionGuid = {B32BA41E-B1A1-4499-BE38-2A8C2D6AE626}
	EndGlobalSection
EndGlobal
